
Microsoft Visual Studio Solution File, Format Version 12.00
# Visual Studio Version 17
VisualStudioVersion = 17.9.34723.18
MinimumVisualStudioVersion = 10.0.40219.1
Project("{FAE04EC0-301F-11D3-BF4B-00C04F79EFBC}") = "csharp-net-forms-word-shuffle", "csharp-net-forms-word-shuffle\csharp-net-forms-word-shuffle.csproj", "{D92497A1-3503-4E2C-B7ED-17211DC74007}"
EndProject
Global
	GlobalSection(SolutionConfigurationPlatforms) = preSolution
		Debug|Any CPU = Debug|Any CPU
		Release|Any CPU = Release|Any CPU
	EndGlobalSection
	GlobalSection(ProjectConfigurationPlatforms) = postSolution
		{D92497A1-3503-4E2C-B7ED-17211DC74007}.Debug|Any CPU.ActiveCfg = Debug|Any CPU
		{D92497A1-3503-4E2C-B7ED-17211DC74007}.Debug|Any CPU.Build.0 = Debug|Any CPU
		{D92497A1-3503-4E2C-B7ED-17211DC74007}.Release|Any CPU.ActiveCfg = Release|Any CPU
		{D92497A1-3503-4E2C-B7ED-17211DC74007}.Release|Any CPU.Build.0 = Release|Any CPU
	EndGlobalSection
	GlobalSection(SolutionProperties) = preSolution
		HideSolutionNode = FALSE
	EndGlobalSection
	GlobalSection(ExtensibilityGlobals) = postSolution
		SolutionGuid = {6B549F82-716D-44D6-BD14-C2EBF113BAC3}
	EndGlobalSection
EndGlobal
